// !$*UTF8*$!
{
	archiveVersion = 1;
	classes = {
	};
	objectVersion = 50;
	objects = {

/* Begin PBXBuildFile section */
		D15F3BA525F40F7600BAA111 /* CreationViewController.swift in Sources */ = {isa = PBXBuildFile; fileRef = D15F3BA425F40F7600BAA111 /* CreationViewController.swift */; };
		D1EC8CEF25E194AF00F41B30 /* AppDelegate.swift in Sources */ = {isa = PBXBuildFile; fileRef = D1EC8CEE25E194AF00F41B30 /* AppDelegate.swift */; };
		D1EC8CF125E194AF00F41B30 /* SceneDelegate.swift in Sources */ = {isa = PBXBuildFile; fileRef = D1EC8CF025E194AF00F41B30 /* SceneDelegate.swift */; };
		D1EC8CF325E194AF00F41B30 /* ViewController.swift in Sources */ = {isa = PBXBuildFile; fileRef = D1EC8CF225E194AF00F41B30 /* ViewController.swift */; };
		D1EC8CF625E194AF00F41B30 /* Main.storyboard in Resources */ = {isa = PBXBuildFile; fileRef = D1EC8CF425E194AF00F41B30 /* Main.storyboard */; };
		D1EC8CF825E194B100F41B30 /* Assets.xcassets in Resources */ = {isa = PBXBuildFile; fileRef = D1EC8CF725E194B100F41B30 /* Assets.xcassets */; };
		D1EC8CFB25E194B100F41B30 /* LaunchScreen.storyboard in Resources */ = {isa = PBXBuildFile; fileRef = D1EC8CF925E194B100F41B30 /* LaunchScreen.storyboard */; };
		D1EC8D0625E194B100F41B30 /* FlashcardsTests.swift in Sources */ = {isa = PBXBuildFile; fileRef = D1EC8D0525E194B100F41B30 /* FlashcardsTests.swift */; };
		D1EC8D1125E194B100F41B30 /* FlashcardsUITests.swift in Sources */ = {isa = PBXBuildFile; fileRef = D1EC8D1025E194B100F41B30 /* FlashcardsUITests.swift */; };
/* End PBXBuildFile section */

/* Begin PBXContainerItemProxy section */
		D1EC8D0225E194B100F41B30 /* PBXContainerItemProxy */ = {
			isa = PBXContainerItemProxy;
			containerPortal = D1EC8CE325E194AF00F41B30 /* Project object */;
			proxyType = 1;
			remoteGlobalIDString = D1EC8CEA25E194AF00F41B30;
			remoteInfo = Flashcards;
		};
		D1EC8D0D25E194B100F41B30 /* PBXContainerItemProxy */ = {
			isa = PBXContainerItemProxy;
			containerPortal = D1EC8CE325E194AF00F41B30 /* Project object */;
			proxyType = 1;
			remoteGlobalIDString = D1EC8CEA25E194AF00F41B30;
			remoteInfo = Flashcards;
		};
/* End PBXContainerItemProxy section */

/* Begin PBXFileReference section */
		D15F3BA425F40F7600BAA111 /* CreationViewController.swift */ = {isa = PBXFileReference; lastKnownFileType = sourcecode.swift; path = CreationViewController.swift; sourceTree = "<group>"; };
		D1EC8CEB25E194AF00F41B30 /* Flashcards.app */ = {isa = PBXFileReference; explicitFileType = wrapper.application; includeInIndex = 0; path = Flashcards.app; sourceTree = BUILT_PRODUCTS_DIR; };
		D1EC8CEE25E194AF00F41B30 /* AppDelegate.swift */ = {isa = PBXFileReference; lastKnownFileType = sourcecode.swift; path = AppDelegate.swift; sourceTree = "<group>"; };
		D1EC8CF025E194AF00F41B30 /* SceneDelegate.swift */ = {isa = PBXFileReference; lastKnownFileType = sourcecode.swift; path = SceneDelegate.swift; sourceTree = "<group>"; };
		D1EC8CF225E194AF00F41B30 /* ViewController.swift */ = {isa = PBXFileReference; lastKnownFileType = sourcecode.swift; path = ViewController.swift; sourceTree = "<group>"; };
		D1EC8CF525E194AF00F41B30 /* Base */ = {isa = PBXFileReference; lastKnownFileType = file.storyboard; name = Base; path = Base.lproj/Main.storyboard; sourceTree = "<group>"; };
		D1EC8CF725E194B100F41B30 /* Assets.xcassets */ = {isa = PBXFileReference; lastKnownFileType = folder.assetcatalog; path = Assets.xcassets; sourceTree = "<group>"; };
		D1EC8CFA25E194B100F41B30 /* Base */ = {isa = PBXFileReference; lastKnownFileType = file.storyboard; name = Base; path = Base.lproj/LaunchScreen.storyboard; sourceTree = "<group>"; };
		D1EC8CFC25E194B100F41B30 /* Info.plist */ = {isa = PBXFileReference; lastKnownFileType = text.plist.xml; path = Info.plist; sourceTree = "<group>"; };
		D1EC8D0125E194B100F41B30 /* FlashcardsTests.xctest */ = {isa = PBXFileReference; explicitFileType = wrapper.cfbundle; includeInIndex = 0; path = FlashcardsTests.xctest; sourceTree = BUILT_PRODUCTS_DIR; };
		D1EC8D0525E194B100F41B30 /* FlashcardsTests.swift */ = {isa = PBXFileReference; lastKnownFileType = sourcecode.swift; path = FlashcardsTests.swift; sourceTree = "<group>"; };
		D1EC8D0725E194B100F41B30 /* Info.plist */ = {isa = PBXFileReference; lastKnownFileType = text.plist.xml; path = Info.plist; sourceTree = "<group>"; };
		D1EC8D0C25E194B100F41B30 /* FlashcardsUITests.xctest */ = {isa = PBXFileReference; explicitFileType = wrapper.cfbundle; includeInIndex = 0; path = FlashcardsUITests.xctest; sourceTree = BUILT_PRODUCTS_DIR; };
		D1EC8D1025E194B100F41B30 /* FlashcardsUITests.swift */ = {isa = PBXFileReference; lastKnownFileType = sourcecode.swift; path = FlashcardsUITests.swift; sourceTree = "<group>"; };
		D1EC8D1225E194B100F41B30 /* Info.plist */ = {isa = PBXFileReference; lastKnownFileType = text.plist.xml; path = Info.plist; sourceTree = "<group>"; };
/* End PBXFileReference section */

/* Begin PBXFrameworksBuildPhase section */
		D1EC8CE825E194AF00F41B30 /* Frameworks */ = {
			isa = PBXFrameworksBuildPhase;
			buildActionMask = 2147483647;
			files = (
			);
			runOnlyForDeploymentPostprocessing = 0;
		};
		D1EC8CFE25E194B100F41B30 /* Frameworks */ = {
			isa = PBXFrameworksBuildPhase;
			buildActionMask = 2147483647;
			files = (
			);
			runOnlyForDeploymentPostprocessing = 0;
		};
		D1EC8D0925E194B100F41B30 /* Frameworks */ = {
			isa = PBXFrameworksBuildPhase;
			buildActionMask = 2147483647;
			files = (
			);
			runOnlyForDeploymentPostprocessing = 0;
		};
/* End PBXFrameworksBuildPhase section */

/* Begin PBXGroup section */
		D1EC8CE225E194AF00F41B30 = {
			isa = PBXGroup;
			children = (
				D1EC8CED25E194AF00F41B30 /* Flashcards */,
				D1EC8D0425E194B100F41B30 /* FlashcardsTests */,
				D1EC8D0F25E194B100F41B30 /* FlashcardsUITests */,
				D1EC8CEC25E194AF00F41B30 /* Products */,
			);
			sourceTree = "<group>";
		};
		D1EC8CEC25E194AF00F41B30 /* Products */ = {
			isa = PBXGroup;
			children = (
				D1EC8CEB25E194AF00F41B30 /* Flashcards.app */,
				D1EC8D0125E194B100F41B30 /* FlashcardsTests.xctest */,
				D1EC8D0C25E194B100F41B30 /* FlashcardsUITests.xctest */,
			);
			name = Products;
			sourceTree = "<group>";
		};
		D1EC8CED25E194AF00F41B30 /* Flashcards */ = {
			isa = PBXGroup;
			children = (
				D1EC8CEE25E194AF00F41B30 /* AppDelegate.swift */,
				D1EC8CF025E194AF00F41B30 /* SceneDelegate.swift */,
				D1EC8CF225E194AF00F41B30 /* ViewController.swift */,
				D1EC8CF425E194AF00F41B30 /* Main.storyboard */,
				D15F3BA425F40F7600BAA111 /* CreationViewController.swift */,
				D1EC8CF725E194B100F41B30 /* Assets.xcassets */,
				D1EC8CF925E194B100F41B30 /* LaunchScreen.storyboard */,
				D1EC8CFC25E194B100F41B30 /* Info.plist */,
			);
			path = Flashcards;
			sourceTree = "<group>";
		};
		D1EC8D0425E194B100F41B30 /* FlashcardsTests */ = {
			isa = PBXGroup;
			children = (
				D1EC8D0525E194B100F41B30 /* FlashcardsTests.swift */,
				D1EC8D0725E194B100F41B30 /* Info.plist */,
			);
			path = FlashcardsTests;
			sourceTree = "<group>";
		};
		D1EC8D0F25E194B100F41B30 /* FlashcardsUITests */ = {
			isa = PBXGroup;
			children = (
				D1EC8D1025E194B100F41B30 /* FlashcardsUITests.swift */,
				D1EC8D1225E194B100F41B30 /* Info.plist */,
			);
			path = FlashcardsUITests;
			sourceTree = "<group>";
		};
/* End PBXGroup section */

/* Begin PBXNativeTarget section */
		D1EC8CEA25E194AF00F41B30 /* Flashcards */ = {
			isa = PBXNativeTarget;
			buildConfigurationList = D1EC8D1525E194B100F41B30 /* Build configuration list for PBXNativeTarget "Flashcards" */;
			buildPhases = (
				D1EC8CE725E194AF00F41B30 /* Sources */,
				D1EC8CE825E194AF00F41B30 /* Frameworks */,
				D1EC8CE925E194AF00F41B30 /* Resources */,
			);
			buildRules = (
			);
			dependencies = (
			);
			name = Flashcards;
			productName = Flashcards;
			productReference = D1EC8CEB25E194AF00F41B30 /* Flashcards.app */;
			productType = "com.apple.product-type.application";
		};
		D1EC8D0025E194B100F41B30 /* FlashcardsTests */ = {
			isa = PBXNativeTarget;
			buildConfigurationList = D1EC8D1825E194B100F41B30 /* Build configuration list for PBXNativeTarget "FlashcardsTests" */;
			buildPhases = (
				D1EC8CFD25E194B100F41B30 /* Sources */,
				D1EC8CFE25E194B100F41B30 /* Frameworks */,
				D1EC8CFF25E194B100F41B30 /* Resources */,
			);
			buildRules = (
			);
			dependencies = (
				D1EC8D0325E194B100F41B30 /* PBXTargetDependency */,
			);
			name = FlashcardsTests;
			productName = FlashcardsTests;
			productReference = D1EC8D0125E194B100F41B30 /* FlashcardsTests.xctest */;
			productType = "com.apple.product-type.bundle.unit-test";
		};
		D1EC8D0B25E194B100F41B30 /* FlashcardsUITests */ = {
			isa = PBXNativeTarget;
			buildConfigurationList = D1EC8D1B25E194B100F41B30 /* Build configuration list for PBXNativeTarget "FlashcardsUITests" */;
			buildPhases = (
				D1EC8D0825E194B100F41B30 /* Sources */,
				D1EC8D0925E194B100F41B30 /* Frameworks */,
				D1EC8D0A25E194B100F41B30 /* Resources */,
			);
			buildRules = (
			);
			dependencies = (
				D1EC8D0E25E194B100F41B30 /* PBXTargetDependency */,
			);
			name = FlashcardsUITests;
			productName = FlashcardsUITests;
			productReference = D1EC8D0C25E194B100F41B30 /* FlashcardsUITests.xctest */;
			productType = "com.apple.product-type.bundle.ui-testing";
		};
/* End PBXNativeTarget section */

/* Begin PBXProject section */
		D1EC8CE325E194AF00F41B30 /* Project object */ = {
			isa = PBXProject;
			attributes = {
				LastSwiftUpdateCheck = 1230;
				LastUpgradeCheck = 1230;
				TargetAttributes = {
					D1EC8CEA25E194AF00F41B30 = {
						CreatedOnToolsVersion = 12.3;
					};
					D1EC8D0025E194B100F41B30 = {
						CreatedOnToolsVersion = 12.3;
						TestTargetID = D1EC8CEA25E194AF00F41B30;
					};
					D1EC8D0B25E194B100F41B30 = {
						CreatedOnToolsVersion = 12.3;
						TestTargetID = D1EC8CEA25E194AF00F41B30;
					};
				};
			};
			buildConfigurationList = D1EC8CE625E194AF00F41B30 /* Build configuration list for PBXProject "Flashcards" */;
			compatibilityVersion = "Xcode 9.3";
			developmentRegion = en;
			hasScannedForEncodings = 0;
			knownRegions = (
				en,
				Base,
			);
			mainGroup = D1EC8CE225E194AF00F41B30;
			productRefGroup = D1EC8CEC25E194AF00F41B30 /* Products */;
			projectDirPath = "";
			projectRoot = "";
			targets = (
				D1EC8CEA25E194AF00F41B30 /* Flashcards */,
				D1EC8D0025E194B100F41B30 /* FlashcardsTests */,
				D1EC8D0B25E194B100F41B30 /* FlashcardsUITests */,
			);
		};
/* End PBXProject section */

/* Begin PBXResourcesBuildPhase section */
		D1EC8CE925E194AF00F41B30 /* Resources */ = {
			isa = PBXResourcesBuildPhase;
			buildActionMask = 2147483647;
			files = (
				D1EC8CFB25E194B100F41B30 /* LaunchScreen.storyboard in Resources */,
				D1EC8CF825E194B100F41B30 /* Assets.xcassets in Resources */,
				D1EC8CF625E194AF00F41B30 /* Main.storyboard in Resources */,
			);
			runOnlyForDeploymentPostprocessing = 0;
		};
		D1EC8CFF25E194B100F41B30 /* Resources */ = {
			isa = PBXResourcesBuildPhase;
			buildActionMask = 2147483647;
			files = (
			);
			runOnlyForDeploymentPostprocessing = 0;
		};
		D1EC8D0A25E194B100F41B30 /* Resources */ = {
			isa = PBXResourcesBuildPhase;
			buildActionMask = 2147483647;
			files = (
			);
			runOnlyForDeploymentPostprocessing = 0;
		};
/* End PBXResourcesBuildPhase section */

/* Begin PBXSourcesBuildPhase section */
		D1EC8CE725E194AF00F41B30 /* Sources */ = {
			isa = PBXSourcesBuildPhase;
			buildActionMask = 2147483647;
			files = (
				D1EC8CF325E194AF00F41B30 /* ViewController.swift in Sources */,
				D1EC8CEF25E194AF00F41B30 /* AppDelegate.swift in Sources */,
				D1EC8CF125E194AF00F41B30 /* SceneDelegate.swift in Sources */,
				D15F3BA525F40F7600BAA111 /* CreationViewController.swift in Sources */,
			);
			runOnlyForDeploymentPostprocessing = 0;
		};
		D1EC8CFD25E194B100F41B30 /* Sources */ = {
			isa = PBXSourcesBuildPhase;
			buildActionMask = 2147483647;
			files = (
				D1EC8D0625E194B100F41B30 /* FlashcardsTests.swift in Sources */,
			);
			runOnlyForDeploymentPostprocessing = 0;
		};
		D1EC8D0825E194B100F41B30 /* Sources */ = {
			isa = PBXSourcesBuildPhase;
			buildActionMask = 2147483647;
			files = (
				D1EC8D1125E194B100F41B30 /* FlashcardsUITests.swift in Sources */,
			);
			runOnlyForDeploymentPostprocessing = 0;
		};
/* End PBXSourcesBuildPhase section */

/* Begin PBXTargetDependency section */
		D1EC8D0325E194B100F41B30 /* PBXTargetDependency */ = {
			isa = PBXTargetDependency;
			target = D1EC8CEA25E194AF00F41B30 /* Flashcards */;
			targetProxy = D1EC8D0225E194B100F41B30 /* PBXContainerItemProxy */;
		};
		D1EC8D0E25E194B100F41B30 /* PBXTargetDependency */ = {
			isa = PBXTargetDependency;
			target = D1EC8CEA25E194AF00F41B30 /* Flashcards */;
			targetProxy = D1EC8D0D25E194B100F41B30 /* PBXContainerItemProxy */;
		};
/* End PBXTargetDependency section */

/* Begin PBXVariantGroup section */
		D1EC8CF425E194AF00F41B30 /* Main.storyboard */ = {
			isa = PBXVariantGroup;
			children = (
				D1EC8CF525E194AF00F41B30 /* Base */,
			);
			name = Main.storyboard;
			sourceTree = "<group>";
		};
		D1EC8CF925E194B100F41B30 /* LaunchScreen.storyboard */ = {
			isa = PBXVariantGroup;
			children = (
				D1EC8CFA25E194B100F41B30 /* Base */,
			);
			name = LaunchScreen.storyboard;
			sourceTree = "<group>";
		};
/* End PBXVariantGroup section */

/* Begin XCBuildConfiguration section */
		D1EC8D1325E194B100F41B30 /* Debug */ = {
			isa = XCBuildConfiguration;
			buildSettings = {
				ALWAYS_SEARCH_USER_PATHS = NO;
				CLANG_ANALYZER_NONNULL = YES;
				CLANG_ANALYZER_NUMBER_OBJECT_CONVERSION = YES_AGGRESSIVE;
				CLANG_CXX_LANGUAGE_STANDARD = "gnu++14";
				CLANG_CXX_LIBRARY = "libc++";
				CLANG_ENABLE_MODULES = YES;
				CLANG_ENABLE_OBJC_ARC = YES;
				CLANG_ENABLE_OBJC_WEAK = YES;
				CLANG_WARN_BLOCK_CAPTURE_AUTORELEASING = YES;
				CLANG_WARN_BOOL_CONVERSION = YES;
				CLANG_WARN_COMMA = YES;
				CLANG_WARN_CONSTANT_CONVERSION = YES;
				CLANG_WARN_DEPRECATED_OBJC_IMPLEMENTATIONS = YES;
				CLANG_WARN_DIRECT_OBJC_ISA_USAGE = YES_ERROR;
				CLANG_WARN_DOCUMENTATION_COMMENTS = YES;
				CLANG_WARN_EMPTY_BODY = YES;
				CLANG_WARN_ENUM_CONVERSION = YES;
				CLANG_WARN_INFINITE_RECURSION = YES;
				CLANG_WARN_INT_CONVERSION = YES;
				CLANG_WARN_NON_LITERAL_NULL_CONVERSION = YES;
				CLANG_WARN_OBJC_IMPLICIT_RETAIN_SELF = YES;
				CLANG_WARN_OBJC_LITERAL_CONVERSION = YES;
				CLANG_WARN_OBJC_ROOT_CLASS = YES_ERROR;
				CLANG_WARN_QUOTED_INCLUDE_IN_FRAMEWORK_HEADER = YES;
				CLANG_WARN_RANGE_LOOP_ANALYSIS = YES;
				CLANG_WARN_STRICT_PROTOTYPES = YES;
				CLANG_WARN_SUSPICIOUS_MOVE = YES;
				CLANG_WARN_UNGUARDED_AVAILABILITY = YES_AGGRESSIVE;
				CLANG_WARN_UNREACHABLE_CODE = YES;
				CLANG_WARN__DUPLICATE_METHOD_MATCH = YES;
				COPY_PHASE_STRIP = NO;
				DEBUG_INFORMATION_FORMAT = dwarf;
				ENABLE_STRICT_OBJC_MSGSEND = YES;
				ENABLE_TESTABILITY = YES;
				GCC_C_LANGUAGE_STANDARD = gnu11;
				GCC_DYNAMIC_NO_PIC = NO;
				GCC_NO_COMMON_BLOCKS = YES;
				GCC_OPTIMIZATION_LEVEL = 0;
				GCC_PREPROCESSOR_DEFINITIONS = (
					"DEBUG=1",
					"$(inherited)",
				);
				GCC_WARN_64_TO_32_BIT_CONVERSION = YES;
				GCC_WARN_ABOUT_RETURN_TYPE = YES_ERROR;
				GCC_WARN_UNDECLARED_SELECTOR = YES;
				GCC_WARN_UNINITIALIZED_AUTOS = YES_AGGRESSIVE;
				GCC_WARN_UNUSED_FUNCTION = YES;
				GCC_WARN_UNUSED_VARIABLE = YES;
				IPHONEOS_DEPLOYMENT_TARGET = 14.3;
				MTL_ENABLE_DEBUG_INFO = INCLUDE_SOURCE;
				MTL_FAST_MATH = YES;
				ONLY_ACTIVE_ARCH = YES;
				SDKROOT = iphoneos;
				SWIFT_ACTIVE_COMPILATION_CONDITIONS = DEBUG;
				SWIFT_OPTIMIZATION_LEVEL = "-Onone";
			};
			name = Debug;
		};
		D1EC8D1425E194B100F41B30 /* Release */ = {
			isa = XCBuildConfiguration;
			buildSettings = {
				ALWAYS_SEARCH_USER_PATHS = NO;
				CLANG_ANALYZER_NONNULL = YES;
				CLANG_ANALYZER_NUMBER_OBJECT_CONVERSION = YES_AGGRESSIVE;
				CLANG_CXX_LANGUAGE_STANDARD = "gnu++14";
				CLANG_CXX_LIBRARY = "libc++";
				CLANG_ENABLE_MODULES = YES;
				CLANG_ENABLE_OBJC_ARC = YES;
				CLANG_ENABLE_OBJC_WEAK = YES;
				CLANG_WARN_BLOCK_CAPTURE_AUTORELEASING = YES;
				CLANG_WARN_BOOL_CONVERSION = YES;
				CLANG_WARN_COMMA = YES;
				CLANG_WARN_CONSTANT_CONVERSION = YES;
				CLANG_WARN_DEPRECATED_OBJC_IMPLEMENTATIONS = YES;
				CLANG_WARN_DIRECT_OBJC_ISA_USAGE = YES_ERROR;
				CLANG_WARN_DOCUMENTATION_COMMENTS = YES;
				CLANG_WARN_EMPTY_BODY = YES;
				CLANG_WARN_ENUM_CONVERSION = YES;
				CLANG_WARN_INFINITE_RECURSION = YES;
				CLANG_WARN_INT_CONVERSION = YES;
				CLANG_WARN_NON_LITERAL_NULL_CONVERSION = YES;
				CLANG_WARN_OBJC_IMPLICIT_RETAIN_SELF = YES;
				CLANG_WARN_OBJC_LITERAL_CONVERSION = YES;
				CLANG_WARN_OBJC_ROOT_CLASS = YES_ERROR;
				CLANG_WARN_QUOTED_INCLUDE_IN_FRAMEWORK_HEADER = YES;
				CLANG_WARN_RANGE_LOOP_ANALYSIS = YES;
				CLANG_WARN_STRICT_PROTOTYPES = YES;
				CLANG_WARN_SUSPICIOUS_MOVE = YES;
				CLANG_WARN_UNGUARDED_AVAILABILITY = YES_AGGRESSIVE;
				CLANG_WARN_UNREACHABLE_CODE = YES;
				CLANG_WARN__DUPLICATE_METHOD_MATCH = YES;
				COPY_PHASE_STRIP = NO;
				DEBUG_INFORMATION_FORMAT = "dwarf-with-dsym";
				ENABLE_NS_ASSERTIONS = NO;
				ENABLE_STRICT_OBJC_MSGSEND = YES;
				GCC_C_LANGUAGE_STANDARD = gnu11;
				GCC_NO_COMMON_BLOCKS = YES;
				GCC_WARN_64_TO_32_BIT_CONVERSION = YES;
				GCC_WARN_ABOUT_RETURN_TYPE = YES_ERROR;
				GCC_WARN_UNDECLARED_SELECTOR = YES;
				GCC_WARN_UNINITIALIZED_AUTOS = YES_AGGRESSIVE;
				GCC_WARN_UNUSED_FUNCTION = YES;
				GCC_WARN_UNUSED_VARIABLE = YES;
				IPHONEOS_DEPLOYMENT_TARGET = 14.3;
				MTL_ENABLE_DEBUG_INFO = NO;
				MTL_FAST_MATH = YES;
				SDKROOT = iphoneos;
				SWIFT_COMPILATION_MODE = wholemodule;
				SWIFT_OPTIMIZATION_LEVEL = "-O";
				VALIDATE_PRODUCT = YES;
			};
			name = Release;
		};
		D1EC8D1625E194B100F41B30 /* Debug */ = {
			isa = XCBuildConfiguration;
			buildSettings = {
				ASSETCATALOG_COMPILER_APPICON_NAME = AppIcon;
				ASSETCATALOG_COMPILER_GLOBAL_ACCENT_COLOR_NAME = AccentColor;
				CODE_SIGN_STYLE = Automatic;
				INFOPLIST_FILE = Flashcards/Info.plist;
				LD_RUNPATH_SEARCH_PATHS = (
					"$(inherited)",
					"@executable_path/Frameworks",
				);
				PRODUCT_BUNDLE_IDENTIFIER = KarenHe.Flashcards;
				PRODUCT_NAME = "$(TARGET_NAME)";
				SWIFT_VERSION = 5.0;
				TARGETED_DEVICE_FAMILY = "1,2";
			};
			name = Debug;
		};
		D1EC8D1725E194B100F41B30 /* Release */ = {
			isa = XCBuildConfiguration;
			buildSettings = {
				ASSETCATALOG_COMPILER_APPICON_NAME = AppIcon;
				ASSETCATALOG_COMPILER_GLOBAL_ACCENT_COLOR_NAME = AccentColor;
				CODE_SIGN_STYLE = Automatic;
				INFOPLIST_FILE = Flashcards/Info.plist;
				LD_RUNPATH_SEARCH_PATHS = (
					"$(inherited)",
					"@executable_path/Frameworks",
				);
				PRODUCT_BUNDLE_IDENTIFIER = KarenHe.Flashcards;
				PRODUCT_NAME = "$(TARGET_NAME)";
				SWIFT_VERSION = 5.0;
				TARGETED_DEVICE_FAMILY = "1,2";
			};
			name = Release;
		};
		D1EC8D1925E194B100F41B30 /* Debug */ = {
			isa = XCBuildConfiguration;
			buildSettings = {
				ALWAYS_EMBED_SWIFT_STANDARD_LIBRARIES = YES;
				BUNDLE_LOADER = "$(TEST_HOST)";
				CODE_SIGN_STYLE = Automatic;
				INFOPLIST_FILE = FlashcardsTests/Info.plist;
				IPHONEOS_DEPLOYMENT_TARGET = 14.3;
				LD_RUNPATH_SEARCH_PATHS = (
					"$(inherited)",
					"@executable_path/Frameworks",
					"@loader_path/Frameworks",
				);
				PRODUCT_BUNDLE_IDENTIFIER = KarenHe.FlashcardsTests;
				PRODUCT_NAME = "$(TARGET_NAME)";
				SWIFT_VERSION = 5.0;
				TARGETED_DEVICE_FAMILY = "1,2";
				TEST_HOST = "$(BUILT_PRODUCTS_DIR)/Flashcards.app/Flashcards";
			};
			name = Debug;
		};
		D1EC8D1A25E194B100F41B30 /* Release */ = {
			isa = XCBuildConfiguration;
			buildSettings = {
				ALWAYS_EMBED_SWIFT_STANDARD_LIBRARIES = YES;
				BUNDLE_LOADER = "$(TEST_HOST)";
				CODE_SIGN_STYLE = Automatic;
				INFOPLIST_FILE = FlashcardsTests/Info.plist;
				IPHONEOS_DEPLOYMENT_TARGET = 14.3;
				LD_RUNPATH_SEARCH_PATHS = (
					"$(inherited)",
					"@executable_path/Frameworks",
					"@loader_path/Frameworks",
				);
				PRODUCT_BUNDLE_IDENTIFIER = KarenHe.FlashcardsTests;
				PRODUCT_NAME = "$(TARGET_NAME)";
				SWIFT_VERSION = 5.0;
				TARGETED_DEVICE_FAMILY = "1,2";
				TEST_HOST = "$(BUILT_PRODUCTS_DIR)/Flashcards.app/Flashcards";
			};
			name = Release;
		};
		D1EC8D1C25E194B100F41B30 /* Debug */ = {
			isa = XCBuildConfiguration;
			buildSettings = {
				ALWAYS_EMBED_SWIFT_STANDARD_LIBRARIES = YES;
				CODE_SIGN_STYLE = Automatic;
				INFOPLIST_FILE = FlashcardsUITests/Info.plist;
				LD_RUNPATH_SEARCH_PATHS = (
					"$(inherited)",
					"@executable_path/Frameworks",
					"@loader_path/Frameworks",
				);
				PRODUCT_BUNDLE_IDENTIFIER = KarenHe.FlashcardsUITests;
				PRODUCT_NAME = "$(TARGET_NAME)";
				SWIFT_VERSION = 5.0;
				TARGETED_DEVICE_FAMILY = "1,2";
				TEST_TARGET_NAME = Flashcards;
			};
			name = Debug;
		};
		D1EC8D1D25E194B100F41B30 /* Release */ = {
			isa = XCBuildConfiguration;
			buildSettings = {
				ALWAYS_EMBED_SWIFT_STANDARD_LIBRARIES = YES;
				CODE_SIGN_STYLE = Automatic;
				INFOPLIST_FILE = FlashcardsUITests/Info.plist;
				LD_RUNPATH_SEARCH_PATHS = (
					"$(inherited)",
					"@executable_path/Frameworks",
					"@loader_path/Frameworks",
				);
				PRODUCT_BUNDLE_IDENTIFIER = KarenHe.FlashcardsUITests;
				PRODUCT_NAME = "$(TARGET_NAME)";
				SWIFT_VERSION = 5.0;
				TARGETED_DEVICE_FAMILY = "1,2";
				TEST_TARGET_NAME = Flashcards;
			};
			name = Release;
		};
/* End XCBuildConfiguration section */

/* Begin XCConfigurationList section */
		D1EC8CE625E194AF00F41B30 /* Build configuration list for PBXProject "Flashcards" */ = {
			isa = XCConfigurationList;
			buildConfigurations = (
				D1EC8D1325E194B100F41B30 /* Debug */,
				D1EC8D1425E194B100F41B30 /* Release */,
			);
			defaultConfigurationIsVisible = 0;
			defaultConfigurationName = Release;
		};
		D1EC8D1525E194B100F41B30 /* Build configuration list for PBXNativeTarget "Flashcards" */ = {
			isa = XCConfigurationList;
			buildConfigurations = (
				D1EC8D1625E194B100F41B30 /* Debug */,
				D1EC8D1725E194B100F41B30 /* Release */,
			);
			defaultConfigurationIsVisible = 0;
			defaultConfigurationName = Release;
		};
		D1EC8D1825E194B100F41B30 /* Build configuration list for PBXNativeTarget "FlashcardsTests" */ = {
			isa = XCConfigurationList;
			buildConfigurations = (
				D1EC8D1925E194B100F41B30 /* Debug */,
				D1EC8D1A25E194B100F41B30 /* Release */,
			);
			defaultConfigurationIsVisible = 0;
			defaultConfigurationName = Release;
		};
		D1EC8D1B25E194B100F41B30 /* Build configuration list for PBXNativeTarget "FlashcardsUITests" */ = {
			isa = XCConfigurationList;
			buildConfigurations = (
				D1EC8D1C25E194B100F41B30 /* Debug */,
				D1EC8D1D25E194B100F41B30 /* Release */,
			);
			defaultConfigurationIsVisible = 0;
			defaultConfigurationName = Release;
		};
/* End XCConfigurationList section */
	};
	rootObject = D1EC8CE325E194AF00F41B30 /* Project object */;
}
